
Microsoft Visual Studio Solution File, Format Version 12.00
# Visual Studio Version 16
VisualStudioVersion = 16.0.31025.194
MinimumVisualStudioVersion = 10.0.40219.1
Project("{FAE04EC0-301F-11D3-BF4B-00C04F79EFBC}") = "MoviesApi", "MoviesApi\MoviesApi.csproj", "{575AC0BE-00C5-4AC8-9548-0D670BC8A3BD}"
EndProject
Global
	GlobalSection(SolutionConfigurationPlatforms) = preSolution
		Debug|Any CPU = Debug|Any CPU
		Release|Any CPU = Release|Any CPU
	EndGlobalSection
	GlobalSection(ProjectConfigurationPlatforms) = postSolution
		{575AC0BE-00C5-4AC8-9548-0D670BC8A3BD}.Debug|Any CPU.ActiveCfg = Debug|Any CPU
		{575AC0BE-00C5-4AC8-9548-0D670BC8A3BD}.Debug|Any CPU.Build.0 = Debug|Any CPU
		{575AC0BE-00C5-4AC8-9548-0D670BC8A3BD}.Release|Any CPU.ActiveCfg = Release|Any CPU
		{575AC0BE-00C5-4AC8-9548-0D670BC8A3BD}.Release|Any CPU.Build.0 = Release|Any CPU
	EndGlobalSection
	GlobalSection(SolutionProperties) = preSolution
		HideSolutionNode = FALSE
	EndGlobalSection
	GlobalSection(ExtensibilityGlobals) = postSolution
		SolutionGuid = {C0B9A741-5745-45DF-A0F5-67F0DD90AF85}
	EndGlobalSection
EndGlobal
